
Microsoft Visual Studio Solution File, Format Version 12.00
# Visual Studio Version 16
VisualStudioVersion = 16.0.30804.86
MinimumVisualStudioVersion = 10.0.40219.1
Project("{FAE04EC0-301F-11D3-BF4B-00C04F79EFBC}") = "Laboratorio 3", "Laboratorio 3\Laboratorio 3.csproj", "{7F84616E-C0F2-4624-B514-9363700CF1B1}"
EndProject
Global
	GlobalSection(SolutionConfigurationPlatforms) = preSolution
		Debug|Any CPU = Debug|Any CPU
		Release|Any CPU = Release|Any CPU
	EndGlobalSection
	GlobalSection(ProjectConfigurationPlatforms) = postSolution
		{7F84616E-C0F2-4624-B514-9363700CF1B1}.Debug|Any CPU.ActiveCfg = Debug|Any CPU
		{7F84616E-C0F2-4624-B514-9363700CF1B1}.Debug|Any CPU.Build.0 = Debug|Any CPU
		{7F84616E-C0F2-4624-B514-9363700CF1B1}.Release|Any CPU.ActiveCfg = Release|Any CPU
		{7F84616E-C0F2-4624-B514-9363700CF1B1}.Release|Any CPU.Build.0 = Release|Any CPU
	EndGlobalSection
	GlobalSection(SolutionProperties) = preSolution
		HideSolutionNode = FALSE
	EndGlobalSection
	GlobalSection(ExtensibilityGlobals) = postSolution
		SolutionGuid = {17A3DA96-6DBD-46A0-8D5B-923817517595}
	EndGlobalSection
EndGlobal
